{
  "version": 4,
  "terraform_version": "1.5.4",
  "serial": 55,
  "lineage": "1d55eb9b-fe10-4235-4088-8cb1270f0c84",
  "outputs": {
    "eks_admin_policy_arn": {
      "value": "arn:aws:iam::730335426441:policy/eks-admin",
      "type": "string"
    },
    "eks_managers_arn": {
      "value": "arn:aws:iam::730335426441:role/manager_eks_role",
      "type": "string"
    },
    "eks_managers_role_name": {
      "value": "manager_eks_role",
      "type": "string"
    },
    "manager_eks_role_name": {
      "value": "manager_eks_role",
      "type": "string"
    },
    "password": {
      "value": [
        "wcFMA9zzNwmzjCfVARAAhXXpdV5nSvSp/u4C+31IOeicvqd0kTQMyVFMdhKnuYdRia/a4cBxPS9Zhy5cNQmafjRHMSJI+tpCbrycREI+qpKT3klbKt7VZ+z5ug0r+QZP2NjXYu0nhQ0MmIBTJUEi1oqtIZXf1nABs6ZHPz4U49qUa04X/glx3TcDLO5RL32YJ0GTHMnLhVaEi85crmdJAw7Q8gUdffLUw1V1DlPztUHFbsy4rAUArqlQLankrrhmUm4EiS6vnOl1KYydkppZxKxRU+A7/S56aaWDh+uXU+QKTA+8UlWqVwhis63v2YxxBo7Ed30mtuGa0D8pnee7pCzJfGD0h5WxLkyHPWoqbXHn1Nb6IQw6KM3UF/Lv9HTI3LZKXpP2iAE0i8Fez9HoCKJ5owYTxbXPGX1otf2kimpdW7A2Jth3V/8qLa1bVBut3vjGdC6sZs0K2FNMejmjGlAxOz1hFHohEcGkTubfQVU2Kfb2O+t81un93jZj0ZzGuHX8u1gFPmEK6wmk8eTotVVmYKV75lJse19/VAr4LH11QtXaS/OXPi6LqeuEwdkLtjuA5L9d9ZW0quRrAJjUOGz7FWANh3f/VOb2EZJSETWEdHMc0uWQJKfw3mYJLtKCcs+Vp6WlAvaWdeZjfgxV1tuvczEUf1ejynG5Lnza1PSmkdJAzMWH0cfrz8JBNq7SRQE/Y/Rxl7MPIAwOCuITQg9daam3eoJZRU7LOf8k2SLfrISOKG4qDA9y23JlLdPVFb5H6ki0ZH4+2BTX9IV/Vg6bWDMKqw==",
        "wcFMA9zzNwmzjCfVAQ/8C/BWF5WbSDgQpmVmnvIzfXzdATPKOWV0pvBkNWJ6PVU86ihDdtb0gcj6JCamggWDH9KiJ/bvGwX1MldGsDPOxVFeuVXJ7wSDruPQ9MSSc0Zlfr0JPScBXRuLoKXLzsT9yjlU2tzES5pLXnkZnazVJkdgCVU/rkwkT2AMBHYqlmy+1MaMlFs/8vBtGY/oOAQCvVztz1HE44x9IALUvBf6gQNcZRW33M9qvEwgqnrTsNBMmBsh4tX11nKOYWqplOjqB8h8W3Fn4AvIRnB076q7xqEnJIeG8MckCZV0DLDhrquSb2CC43kWFk+uIhoc8oW5kNspvxDjNCGhME8VOIT/rCERQ0uk37nUR1x8Gyp+HHcdxlPIJ3ndZxATUGGGj9aUyL+xCF13bAOB9ATgAXhwAV/K+DalI+29rJzo698h/mmUh/iNZUtqGC1pNH649izRLQ/RSiTz4PD5kegtuImctaGCcuUDo6kQ1C1ziuX0bX8rcUs7jm9B1D/rpBc9HDDWL06KfHCaR6oXPDGMJiF78xTW0zIgp5bsSP81n7WTOeuaGfFx2JA+JQFIx1alO9PAqNsqSblpV70+Y57aVa9wdZ1xxZ7cAzSjh8/MPt6Lny9/BD4h8Y3RHNoIPX8YCNHGXL4g74TCZEkvy83eEgoF+ODXKA47E9MjKECzbjNjGb3SRQFBK8iOoy8TUaXh5DoUko2/dARFccfVtgCFqj8yNNXsAz1D34mHMCQMsAumVVdOu4MDE1SelH1WaK7p9NnevaWbrha6OQ=="
      ],
      "type": [
        "tuple",
        [
          "string",
          "string"
        ]
      ]
    }
  },
  "resources": [
    {
      "mode": "data",
      "type": "aws_caller_identity",
      "name": "current",
      "provider": "provider[\"registry.terraform.io/hashicorp/aws\"]",
      "instances": [
        {
          "schema_version": 0,
          "attributes": {
            "account_id": "730335426441",
            "arn": "arn:aws:iam::730335426441:user/daley",
            "id": "730335426441",
            "user_id": "AIDA2UC3CG6E4EZ5YJBYR"
          },
          "sensitive_attributes": []
        }
      ]
    },
    {
      "mode": "data",
      "type": "aws_eks_cluster",
      "name": "demo_cluster",
      "provider": "provider[\"registry.terraform.io/hashicorp/aws\"]",
      "instances": [
        {
          "schema_version": 0,
          "attributes": {
            "arn": "arn:aws:eks:us-east-1:730335426441:cluster/demo-cluster",
            "certificate_authority": [
              {
                "data": "LS0tLS1CRUdJTiBDRVJUSUZJQ0FURS0tLS0tCk1JSURCVENDQWUyZ0F3SUJBZ0lJYk51YXV6QlZVWUl3RFFZSktvWklodmNOQVFFTEJRQXdGVEVUTUJFR0ExVUUKQXhNS2EzVmlaWEp1WlhSbGN6QWVGdzB5TkRBeU1UZ3dNVEUwTXpaYUZ3MHpOREF5TVRVd01URTVNelphTUJVeApFekFSQmdOVkJBTVRDbXQxWW1WeWJtVjBaWE13Z2dFaU1BMEdDU3FHU0liM0RRRUJBUVVBQTRJQkR3QXdnZ0VLCkFvSUJBUURvZmR5a1pyMllRZ0tFK2Q2WmFvWS80bS9kMGhDZWtCbUVZK3AwSWMrTjZNTEFNMnRtK01YVW9kanUKMlErQ0dqdnVWeENySXJJQzg4MjlQSlptaXVPWTl5WVNINVpwZTVzTkxPZjhhM0NRdDV6Z1lGd3VaUzNTcWtnVwpMcFFVZlc4V2xJdnlrVFFRdldBT2E0NnFRWDd0N1c5ekx0amZQOWFMQlF3NHVVSVZSUG9pY1ZVSjNsL21jNktnCnZjSHB3QkRmY3JDcnJrNSsydFFwL0xmNjlFUEMxa3Q0QjFKemUvVG4wQ00rL3NrT2NhM0VmdVkyUFIxNUdka04Kd0JKOCt6QVRvVElwQ0NOVWxqVDdsdk9QQkplYmd2enVjc1FEV1QydjlydkwvZVNUVXlDSVhkdEgrK1cwanBDeQphOEJUK2ttK20wWXRqRk1ieVhqSnZ5azB0cGEzQWdNQkFBR2pXVEJYTUE0R0ExVWREd0VCL3dRRUF3SUNwREFQCkJnTlZIUk1CQWY4RUJUQURBUUgvTUIwR0ExVWREZ1FXQkJSbEs2eXdDV3M1TFppODIvTFZCOU5jN2JiaHREQVYKQmdOVkhSRUVEakFNZ2dwcmRXSmxjbTVsZEdWek1BMEdDU3FHU0liM0RRRUJDd1VBQTRJQkFRQnUwZStBQ053RgpnZ0p6akZONFp4ejdiZkJNWVFMY0g2djYyR3BMa2tDTTl6dGR6TFkrTWE3Z3R6VUdGQ2NuMTdOK0haalBlbjJNCmxJSE93R0M0RmNwSkFzY1dUUU5GRS9VdzRELzVuazg1U0hVVzBJNGpEWStQL3h1b0dlMTgzcXpEYTlwdGdqMW4KMXlHalEzcFA0UW1SV1Q2ZFBjZnNSaG16dzhWSzFBZzcvU09tbVJpTUZPcVZUVVg0dTVHc1dXWDJLYnhCaEVRawpoZ3E2eWM4dnFGTGg5RDhETmJUQlNaVzRiTWlXV2FwVlJnc1FYRURDQjJQOTd4ZFhNTzJ2aGsvWXBwd1hqZnlLClRBb0M2N1c4S2I3dTYvREE2dE5iL2E1NkFNUTU0SG9nQW8xanRVQVpHVVQybytnUVE5QWZCZ0dVUnlGMnZ6a1IKdnpBOFZJT0VDWUJJCi0tLS0tRU5EIENFUlRJRklDQVRFLS0tLS0K"
              }
            ],
            "cluster_id": null,
            "created_at": "2024-02-18 01:14:35.179 +0000 UTC",
            "enabled_cluster_log_types": [],
            "endpoint": "https://856F5D7FAB4B2EAD0AECA588A844322B.gr7.us-east-1.eks.amazonaws.com",
            "id": "demo-cluster",
            "identity": [
              {
                "oidc": [
                  {
                    "issuer": "https://oidc.eks.us-east-1.amazonaws.com/id/856F5D7FAB4B2EAD0AECA588A844322B"
                  }
                ]
              }
            ],
            "kubernetes_network_config": [
              {
                "ip_family": "ipv4",
                "service_ipv4_cidr": "172.20.0.0/16",
                "service_ipv6_cidr": ""
              }
            ],
            "name": "demo-cluster",
            "outpost_config": [],
            "platform_version": "eks.1",
            "role_arn": "arn:aws:iam::730335426441:role/eks-cluster-demo-cluster",
            "status": "ACTIVE",
            "tags": {},
            "version": "1.29",
            "vpc_config": [
              {
                "cluster_security_group_id": "sg-0582bdd955703c4d8",
                "endpoint_private_access": false,
                "endpoint_public_access": true,
                "public_access_cidrs": [
                  "0.0.0.0/0"
                ],
                "security_group_ids": [],
                "subnet_ids": [
                  "subnet-0159d4e5ca92b6ea9",
                  "subnet-0788e5b0230ad88ae",
                  "subnet-0aec9ef6bbbfe752e",
                  "subnet-0f0e4632b38a4494a"
                ],
                "vpc_id": "vpc-0fc36de08d624d599"
              }
            ]
          },
          "sensitive_attributes": []
        }
      ]
    },
    {
      "mode": "data",
      "type": "aws_eks_cluster_auth",
      "name": "demo_cluster",
      "provider": "provider[\"registry.terraform.io/hashicorp/aws\"]",
      "instances": [
        {
          "schema_version": 0,
          "attributes": {
            "id": "demo-cluster",
            "name": "demo-cluster",
            "token": "k8s-aws-v1.aHR0cHM6Ly9zdHMuYW1hem9uYXdzLmNvbS8_QWN0aW9uPUdldENhbGxlcklkZW50aXR5JlZlcnNpb249MjAxMS0wNi0xNSZYLUFtei1BbGdvcml0aG09QVdTNC1ITUFDLVNIQTI1NiZYLUFtei1DcmVkZW50aWFsPUFLSUEyVUMzQ0c2RTdGVVJXMzREJTJGMjAyNDAyMTklMkZ1cy1lYXN0LTElMkZzdHMlMkZhd3M0X3JlcXVlc3QmWC1BbXotRGF0ZT0yMDI0MDIxOVQwNDQ1NDdaJlgtQW16LUV4cGlyZXM9MCZYLUFtei1TaWduZWRIZWFkZXJzPWhvc3QlM0J4LWs4cy1hd3MtaWQmWC1BbXotU2lnbmF0dXJlPWQwZmUwZTIzNDMzNWQyNDk4ZGNlNDMxZTk4MThiYThjMGFlZTRjYjJhMjVlOWUzOTk0MDExMTNmMjJjNmQyN2M"
          },
          "sensitive_attributes": []
        }
      ]
    },
    {
      "mode": "data",
      "type": "aws_iam_policy_document",
      "name": "admin",
      "provider": "provider[\"registry.terraform.io/hashicorp/aws\"]",
      "instances": [
        {
          "schema_version": 0,
          "attributes": {
            "id": "236601581",
            "json": "{\n  \"Version\": \"2012-10-17\",\n  \"Statement\": [\n    {\n      \"Sid\": \"AllowAdmin\",\n      \"Effect\": \"Allow\",\n      \"Action\": \"*\",\n      \"Resource\": \"*\"\n    },\n    {\n      \"Sid\": \"AllowPassRole\",\n      \"Effect\": \"Allow\",\n      \"Action\": \"iam:PassRole\",\n      \"Resource\": \"*\",\n      \"Condition\": {\n        \"StringEquals\": {\n          \"iam:PassedToService\": \"eks.amazonaws.com\"\n        }\n      }\n    }\n  ]\n}",
            "override_json": null,
            "override_policy_documents": null,
            "policy_id": null,
            "source_json": null,
            "source_policy_documents": null,
            "statement": [
              {
                "actions": [
                  "*"
                ],
                "condition": [],
                "effect": "Allow",
                "not_actions": [],
                "not_principals": [],
                "not_resources": [],
                "principals": [],
                "resources": [
                  "*"
                ],
                "sid": "AllowAdmin"
              },
              {
                "actions": [
                  "iam:PassRole"
                ],
                "condition": [
                  {
                    "test": "StringEquals",
                    "values": [
                      "eks.amazonaws.com"
                    ],
                    "variable": "iam:PassedToService"
                  }
                ],
                "effect": "Allow",
                "not_actions": [],
                "not_principals": [],
                "not_resources": [],
                "principals": [],
                "resources": [
                  "*"
                ],
                "sid": "AllowPassRole"
              }
            ],
            "version": "2012-10-17"
          },
          "sensitive_attributes": []
        }
      ]
    },
    {
      "mode": "data",
      "type": "aws_iam_policy_document",
      "name": "developer",
      "provider": "provider[\"registry.terraform.io/hashicorp/aws\"]",
      "instances": [
        {
          "schema_version": 0,
          "attributes": {
            "id": "3146063397",
            "json": "{\n  \"Version\": \"2012-10-17\",\n  \"Statement\": [\n    {\n      \"Sid\": \"AllowDeveloper\",\n      \"Effect\": \"Allow\",\n      \"Action\": [\n        \"ssm:GetParameter\",\n        \"eks:ListUpdates\",\n        \"eks:ListNodegroups\",\n        \"eks:ListFargateProfiles\",\n        \"eks:ListClusters\",\n        \"eks:DescribeNodegroup\",\n        \"eks:DescribeCluster\",\n        \"eks:AccessKubernetesApi\"\n      ],\n      \"Resource\": \"*\"\n    }\n  ]\n}",
            "override_json": null,
            "override_policy_documents": null,
            "policy_id": null,
            "source_json": null,
            "source_policy_documents": null,
            "statement": [
              {
                "actions": [
                  "eks:AccessKubernetesApi",
                  "eks:DescribeCluster",
                  "eks:DescribeNodegroup",
                  "eks:ListClusters",
                  "eks:ListFargateProfiles",
                  "eks:ListNodegroups",
                  "eks:ListUpdates",
                  "ssm:GetParameter"
                ],
                "condition": [],
                "effect": "Allow",
                "not_actions": [],
                "not_principals": [],
                "not_resources": [],
                "principals": [],
                "resources": [
                  "*"
                ],
                "sid": "AllowDeveloper"
              }
            ],
            "version": "2012-10-17"
          },
          "sensitive_attributes": []
        }
      ]
    },
    {
      "mode": "data",
      "type": "aws_iam_policy_document",
      "name": "manager_assume_role",
      "provider": "provider[\"registry.terraform.io/hashicorp/aws\"]",
      "instances": [
        {
          "schema_version": 0,
          "attributes": {
            "id": "116966695",
            "json": "{\n  \"Version\": \"2012-10-17\",\n  \"Statement\": [\n    {\n      \"Sid\": \"AllowManagerAssumeRole\",\n      \"Effect\": \"Allow\",\n      \"Action\": \"sts:AssumeRole\",\n      \"Principal\": {\n        \"AWS\": \"arn:aws:iam::730335426441:user/manager\"\n      }\n    }\n  ]\n}",
            "override_json": null,
            "override_policy_documents": null,
            "policy_id": null,
            "source_json": null,
            "source_policy_documents": null,
            "statement": [
              {
                "actions": [
                  "sts:AssumeRole"
                ],
                "condition": [],
                "effect": "Allow",
                "not_actions": [],
                "not_principals": [],
                "not_resources": [],
                "principals": [
                  {
                    "identifiers": [
                      "arn:aws:iam::730335426441:user/manager"
                    ],
                    "type": "AWS"
                  }
                ],
                "resources": [],
                "sid": "AllowManagerAssumeRole"
              }
            ],
            "version": "2012-10-17"
          },
          "sensitive_attributes": []
        }
      ]
    },
    {
      "mode": "managed",
      "type": "aws_iam_account_password_policy",
      "name": "strict",
      "provider": "provider[\"registry.terraform.io/hashicorp/aws\"]",
      "instances": [
        {
          "schema_version": 0,
          "attributes": {
            "allow_users_to_change_password": true,
            "expire_passwords": false,
            "hard_expiry": false,
            "id": "iam-account-password-policy",
            "max_password_age": 0,
            "minimum_password_length": 8,
            "password_reuse_prevention": 0,
            "require_lowercase_characters": true,
            "require_numbers": true,
            "require_symbols": true,
            "require_uppercase_characters": true
          },
          "sensitive_attributes": [],
          "private": "bnVsbA=="
        }
      ]
    },
    {
      "mode": "managed",
      "type": "aws_iam_group",
      "name": "aws_admin_group",
      "provider": "provider[\"registry.terraform.io/hashicorp/aws\"]",
      "instances": [
        {
          "schema_version": 0,
          "attributes": {
            "arn": "arn:aws:iam::730335426441:group/AWSAdminGroup",
            "id": "AWSAdminGroup",
            "name": "AWSAdminGroup",
            "path": "/",
            "unique_id": "AGPA2UC3CG6E27ZDPEHZ5"
          },
          "sensitive_attributes": [],
          "private": "bnVsbA=="
        }
      ]
    },
    {
      "mode": "managed",
      "type": "aws_iam_group",
      "name": "eks_developer",
      "provider": "provider[\"registry.terraform.io/hashicorp/aws\"]",
      "instances": [
        {
          "schema_version": 0,
          "attributes": {
            "arn": "arn:aws:iam::730335426441:group/Developer",
            "id": "Developer",
            "name": "Developer",
            "path": "/",
            "unique_id": "AGPA2UC3CG6E4BVDW774D"
          },
          "sensitive_attributes": [],
          "private": "bnVsbA=="
        }
      ]
    },
    {
      "mode": "managed",
      "type": "aws_iam_group_membership",
      "name": "aws_admin_user_membership",
      "provider": "provider[\"registry.terraform.io/hashicorp/aws\"]",
      "instances": [
        {
          "schema_version": 0,
          "attributes": {
            "group": "AWSAdminGroup",
            "id": "aws-admin-user-membership",
            "name": "aws-admin-user-membership",
            "users": [
              "aws-admin-user"
            ]
          },
          "sensitive_attributes": [],
          "private": "bnVsbA==",
          "dependencies": [
            "aws_iam_group.aws_admin_group",
            "aws_iam_user.aws_admin_user"
          ]
        }
      ]
    },
    {
      "mode": "managed",
      "type": "aws_iam_group_membership",
      "name": "db_team",
      "provider": "provider[\"registry.terraform.io/hashicorp/aws\"]",
      "instances": [
        {
          "schema_version": 0,
          "attributes": {
            "group": "Developer",
            "id": "dev-group-membership",
            "name": "dev-group-membership",
            "users": [
              "developer"
            ]
          },
          "sensitive_attributes": [],
          "private": "bnVsbA==",
          "dependencies": [
            "aws_iam_group.eks_developer",
            "aws_iam_user.eks_user"
          ]
        }
      ]
    },
    {
      "mode": "managed",
      "type": "aws_iam_group_policy",
      "name": "developer_policy",
      "provider": "provider[\"registry.terraform.io/hashicorp/aws\"]",
      "instances": [
        {
          "schema_version": 0,
          "attributes": {
            "group": "Developer",
            "id": "Developer:developer",
            "name": "developer",
            "name_prefix": null,
            "policy": "{\"Version\":\"2012-10-17\",\"Statement\":[{\"Action\":[\"ssm:GetParameter\",\"eks:ListUpdates\",\"eks:ListNodegroups\",\"eks:ListFargateProfiles\",\"eks:ListClusters\",\"eks:DescribeNodegroup\",\"eks:DescribeCluster\",\"eks:AccessKubernetesApi\"],\"Effect\":\"Allow\",\"Resource\":\"*\",\"Sid\":\"AllowDeveloper\"}]}"
          },
          "sensitive_attributes": [],
          "private": "bnVsbA==",
          "dependencies": [
            "aws_iam_group.eks_developer",
            "data.aws_iam_policy_document.developer"
          ]
        }
      ]
    },
    {
      "mode": "managed",
      "type": "aws_iam_group_policy_attachment",
      "name": "assume_role_policy_attachment",
      "provider": "provider[\"registry.terraform.io/hashicorp/aws\"]",
      "instances": [
        {
          "schema_version": 0,
          "attributes": {
            "group": "AWSAdminGroup",
            "id": "AWSAdminGroup-20240218012810705200000001",
            "policy_arn": "arn:aws:iam::730335426441:policy/assume-aws-admin-role-policy"
          },
          "sensitive_attributes": [],
          "private": "bnVsbA==",
          "dependencies": [
            "aws_iam_group.aws_admin_group",
            "aws_iam_policy.assume_role_policy",
            "aws_iam_role.aws_admin_role"
          ]
        }
      ]
    },
    {
      "mode": "managed",
      "type": "aws_iam_policy",
      "name": "assume_role_policy",
      "provider": "provider[\"registry.terraform.io/hashicorp/aws\"]",
      "instances": [
        {
          "schema_version": 0,
          "attributes": {
            "arn": "arn:aws:iam::730335426441:policy/assume-aws-admin-role-policy",
            "description": "Policy that allows group members to assume the AWS Admin role",
            "id": "arn:aws:iam::730335426441:policy/assume-aws-admin-role-policy",
            "name": "assume-aws-admin-role-policy",
            "name_prefix": "",
            "path": "/",
            "policy": "{\"Statement\":[{\"Action\":\"sts:AssumeRole\",\"Effect\":\"Allow\",\"Resource\":\"arn:aws:iam::730335426441:role/AWSAdminRole\"}],\"Version\":\"2012-10-17\"}",
            "policy_id": "ANPA2UC3CG6E6Y72PPFD7",
            "tags": {},
            "tags_all": {
              "team": "SRE Project"
            }
          },
          "sensitive_attributes": [],
          "private": "bnVsbA==",
          "dependencies": [
            "aws_iam_role.aws_admin_role"
          ]
        }
      ]
    },
    {
      "mode": "managed",
      "type": "aws_iam_policy",
      "name": "eks_admin",
      "provider": "provider[\"registry.terraform.io/hashicorp/aws\"]",
      "instances": [
        {
          "schema_version": 0,
          "attributes": {
            "arn": "arn:aws:iam::730335426441:policy/eks-admin",
            "description": "",
            "id": "arn:aws:iam::730335426441:policy/eks-admin",
            "name": "eks-admin",
            "name_prefix": "",
            "path": "/",
            "policy": "{\"Statement\":[{\"Action\":\"*\",\"Effect\":\"Allow\",\"Resource\":\"*\",\"Sid\":\"AllowAdmin\"},{\"Action\":\"iam:PassRole\",\"Condition\":{\"StringEquals\":{\"iam:PassedToService\":\"eks.amazonaws.com\"}},\"Effect\":\"Allow\",\"Resource\":\"*\",\"Sid\":\"AllowPassRole\"}],\"Version\":\"2012-10-17\"}",
            "policy_id": "ANPA2UC3CG6E7VBEOMIVM",
            "tags": {},
            "tags_all": {
              "team": "SRE Project"
            }
          },
          "sensitive_attributes": [],
          "private": "bnVsbA==",
          "dependencies": [
            "data.aws_iam_policy_document.admin"
          ]
        }
      ]
    },
    {
      "mode": "managed",
      "type": "aws_iam_role",
      "name": "aws_admin_role",
      "provider": "provider[\"registry.terraform.io/hashicorp/aws\"]",
      "instances": [
        {
          "schema_version": 0,
          "attributes": {
            "arn": "arn:aws:iam::730335426441:role/AWSAdminRole",
            "assume_role_policy": "{\"Statement\":[{\"Action\":\"sts:AssumeRole\",\"Effect\":\"Allow\",\"Principal\":{\"Service\":\"ec2.amazonaws.com\"}}],\"Version\":\"2012-10-17\"}",
            "create_date": "2024-02-18T01:28:08Z",
            "description": "",
            "force_detach_policies": false,
            "id": "AWSAdminRole",
            "inline_policy": [
              {
                "name": "AccessLogs",
                "policy": "{\"Version\":\"2012-10-17\",\"Statement\":[{\"Action\":[\"cloudtrail:LookupEvents\",\"logs:*\"],\"Effect\":\"Allow\",\"Resource\":\"*\"}]}"
              },
              {
                "name": "TerraformOperations",
                "policy": "{\"Version\":\"2012-10-17\",\"Statement\":[{\"Action\":[\"iam:PassRole\",\"sts:AssumeRole\"],\"Effect\":\"Allow\",\"Resource\":[\"arn:aws:iam::730335426441:role/your-project-role-arn\"]},{\"Action\":[\"states:*\"],\"Effect\":\"Allow\",\"Resource\":[\"arn:aws:states:::region:account-id:execution:*\"]}]}"
              },
              {
                "name": "ViewAllResources",
                "policy": "{\"Version\":\"2012-10-17\",\"Statement\":[{\"Action\":[\"ec2:Describe*\",\"s3:List*\",\"rds:Describe*\"],\"Effect\":\"Allow\",\"Resource\":\"*\"}]}"
              }
            ],
            "managed_policy_arns": [],
            "max_session_duration": 3600,
            "name": "AWSAdminRole",
            "name_prefix": "",
            "path": "/",
            "permissions_boundary": null,
            "role_last_used": [
              {
                "last_used_date": "",
                "region": ""
              }
            ],
            "tags": {},
            "tags_all": {
              "team": "SRE Project"
            },
            "unique_id": "AROA2UC3CG6EXZMJOFFOH"
          },
          "sensitive_attributes": [],
          "private": "bnVsbA=="
        }
      ]
    },
    {
      "mode": "managed",
      "type": "aws_iam_role",
      "name": "eks_managers",
      "provider": "provider[\"registry.terraform.io/hashicorp/aws\"]",
      "instances": [
        {
          "schema_version": 0,
          "attributes": {
            "arn": "arn:aws:iam::730335426441:role/manager_eks_role",
            "assume_role_policy": "{\"Statement\":[{\"Action\":\"sts:AssumeRole\",\"Effect\":\"Allow\",\"Principal\":{\"AWS\":\"arn:aws:iam::730335426441:user/manager\"},\"Sid\":\"AllowManagerAssumeRole\"}],\"Version\":\"2012-10-17\"}",
            "create_date": "2024-02-18T01:28:16Z",
            "description": "",
            "force_detach_policies": false,
            "id": "manager_eks_role",
            "inline_policy": [],
            "managed_policy_arns": [
              "arn:aws:iam::730335426441:policy/eks-admin"
            ],
            "max_session_duration": 3600,
            "name": "manager_eks_role",
            "name_prefix": "",
            "path": "/",
            "permissions_boundary": null,
            "role_last_used": [
              {
                "last_used_date": "",
                "region": ""
              }
            ],
            "tags": {},
            "tags_all": {
              "team": "SRE Project"
            },
            "unique_id": "AROA2UC3CG6EZ6LWSVEKC"
          },
          "sensitive_attributes": [],
          "private": "bnVsbA==",
          "dependencies": [
            "data.aws_caller_identity.current",
            "data.aws_iam_policy_document.manager_assume_role"
          ]
        }
      ]
    },
    {
      "mode": "managed",
      "type": "aws_iam_role_policy",
      "name": "access_logs",
      "provider": "provider[\"registry.terraform.io/hashicorp/aws\"]",
      "instances": [
        {
          "schema_version": 0,
          "attributes": {
            "id": "AWSAdminRole:AccessLogs",
            "name": "AccessLogs",
            "name_prefix": null,
            "policy": "{\"Version\":\"2012-10-17\",\"Statement\":[{\"Action\":[\"cloudtrail:LookupEvents\",\"logs:*\"],\"Effect\":\"Allow\",\"Resource\":\"*\"}]}",
            "role": "AWSAdminRole"
          },
          "sensitive_attributes": [],
          "private": "bnVsbA==",
          "dependencies": [
            "aws_iam_role.aws_admin_role"
          ]
        }
      ]
    },
    {
      "mode": "managed",
      "type": "aws_iam_role_policy",
      "name": "terraform_operations",
      "provider": "provider[\"registry.terraform.io/hashicorp/aws\"]",
      "instances": [
        {
          "schema_version": 0,
          "attributes": {
            "id": "AWSAdminRole:TerraformOperations",
            "name": "TerraformOperations",
            "name_prefix": null,
            "policy": "{\"Version\":\"2012-10-17\",\"Statement\":[{\"Action\":[\"iam:PassRole\",\"sts:AssumeRole\"],\"Effect\":\"Allow\",\"Resource\":[\"arn:aws:iam::730335426441:role/your-project-role-arn\"]},{\"Action\":[\"states:*\"],\"Effect\":\"Allow\",\"Resource\":[\"arn:aws:states:::region:account-id:execution:*\"]}]}",
            "role": "AWSAdminRole"
          },
          "sensitive_attributes": [],
          "private": "bnVsbA==",
          "dependencies": [
            "aws_iam_role.aws_admin_role",
            "data.aws_caller_identity.current"
          ]
        }
      ]
    },
    {
      "mode": "managed",
      "type": "aws_iam_role_policy",
      "name": "view_resources",
      "provider": "provider[\"registry.terraform.io/hashicorp/aws\"]",
      "instances": [
        {
          "schema_version": 0,
          "attributes": {
            "id": "AWSAdminRole:ViewAllResources",
            "name": "ViewAllResources",
            "name_prefix": null,
            "policy": "{\"Version\":\"2012-10-17\",\"Statement\":[{\"Action\":[\"ec2:Describe*\",\"s3:List*\",\"rds:Describe*\"],\"Effect\":\"Allow\",\"Resource\":\"*\"}]}",
            "role": "AWSAdminRole"
          },
          "sensitive_attributes": [],
          "private": "bnVsbA==",
          "dependencies": [
            "aws_iam_role.aws_admin_role"
          ]
        }
      ]
    },
    {
      "mode": "managed",
      "type": "aws_iam_role_policy_attachment",
      "name": "admin_policy",
      "provider": "provider[\"registry.terraform.io/hashicorp/aws\"]",
      "instances": [
        {
          "schema_version": 0,
          "attributes": {
            "id": "manager_eks_role-20240218012817965500000002",
            "policy_arn": "arn:aws:iam::730335426441:policy/eks-admin",
            "role": "manager_eks_role"
          },
          "sensitive_attributes": [],
          "private": "bnVsbA==",
          "dependencies": [
            "aws_iam_policy.eks_admin",
            "aws_iam_role.eks_managers",
            "data.aws_caller_identity.current",
            "data.aws_iam_policy_document.admin",
            "data.aws_iam_policy_document.manager_assume_role"
          ]
        }
      ]
    },
    {
      "mode": "managed",
      "type": "aws_iam_user",
      "name": "aws_admin_user",
      "provider": "provider[\"registry.terraform.io/hashicorp/aws\"]",
      "instances": [
        {
          "schema_version": 0,
          "attributes": {
            "arn": "arn:aws:iam::730335426441:user/aws-admin-user",
            "force_destroy": false,
            "id": "aws-admin-user",
            "name": "aws-admin-user",
            "path": "/",
            "permissions_boundary": null,
            "tags": {},
            "tags_all": {
              "team": "SRE Project"
            },
            "unique_id": "AIDA2UC3CG6EU3G6TTA36"
          },
          "sensitive_attributes": [],
          "private": "bnVsbA=="
        }
      ]
    },
    {
      "mode": "managed",
      "type": "aws_iam_user",
      "name": "eks_user",
      "provider": "provider[\"registry.terraform.io/hashicorp/aws\"]",
      "instances": [
        {
          "index_key": 0,
          "schema_version": 0,
          "attributes": {
            "arn": "arn:aws:iam::730335426441:user/developer",
            "force_destroy": true,
            "id": "developer",
            "name": "developer",
            "path": "/",
            "permissions_boundary": null,
            "tags": {
              "Department": "eks-user"
            },
            "tags_all": {
              "Department": "eks-user",
              "team": "SRE Project"
            },
            "unique_id": "AIDA2UC3CG6EZJZDBCZBD"
          },
          "sensitive_attributes": [],
          "private": "bnVsbA=="
        },
        {
          "index_key": 1,
          "schema_version": 0,
          "attributes": {
            "arn": "arn:aws:iam::730335426441:user/manager",
            "force_destroy": true,
            "id": "manager",
            "name": "manager",
            "path": "/",
            "permissions_boundary": null,
            "tags": {
              "Department": "eks-user"
            },
            "tags_all": {
              "Department": "eks-user",
              "team": "SRE Project"
            },
            "unique_id": "AIDA2UC3CG6E5UGVKUEFX"
          },
          "sensitive_attributes": [],
          "private": "bnVsbA=="
        }
      ]
    },
    {
      "mode": "managed",
      "type": "aws_iam_user_login_profile",
      "name": "DB_user",
      "provider": "provider[\"registry.terraform.io/hashicorp/aws\"]",
      "instances": [
        {
          "index_key": 0,
          "schema_version": 0,
          "attributes": {
            "encrypted_password": "wcFMA9zzNwmzjCfVARAAhXXpdV5nSvSp/u4C+31IOeicvqd0kTQMyVFMdhKnuYdRia/a4cBxPS9Zhy5cNQmafjRHMSJI+tpCbrycREI+qpKT3klbKt7VZ+z5ug0r+QZP2NjXYu0nhQ0MmIBTJUEi1oqtIZXf1nABs6ZHPz4U49qUa04X/glx3TcDLO5RL32YJ0GTHMnLhVaEi85crmdJAw7Q8gUdffLUw1V1DlPztUHFbsy4rAUArqlQLankrrhmUm4EiS6vnOl1KYydkppZxKxRU+A7/S56aaWDh+uXU+QKTA+8UlWqVwhis63v2YxxBo7Ed30mtuGa0D8pnee7pCzJfGD0h5WxLkyHPWoqbXHn1Nb6IQw6KM3UF/Lv9HTI3LZKXpP2iAE0i8Fez9HoCKJ5owYTxbXPGX1otf2kimpdW7A2Jth3V/8qLa1bVBut3vjGdC6sZs0K2FNMejmjGlAxOz1hFHohEcGkTubfQVU2Kfb2O+t81un93jZj0ZzGuHX8u1gFPmEK6wmk8eTotVVmYKV75lJse19/VAr4LH11QtXaS/OXPi6LqeuEwdkLtjuA5L9d9ZW0quRrAJjUOGz7FWANh3f/VOb2EZJSETWEdHMc0uWQJKfw3mYJLtKCcs+Vp6WlAvaWdeZjfgxV1tuvczEUf1ejynG5Lnza1PSmkdJAzMWH0cfrz8JBNq7SRQE/Y/Rxl7MPIAwOCuITQg9daam3eoJZRU7LOf8k2SLfrISOKG4qDA9y23JlLdPVFb5H6ki0ZH4+2BTX9IV/Vg6bWDMKqw==",
            "id": "developer",
            "key_fingerprint": "38a8507752bcad709334659fedac38a45f65a2ba",
            "password": null,
            "password_length": 20,
            "password_reset_required": true,
            "pgp_key": "keybase:daleybase",
            "user": "developer"
          },
          "sensitive_attributes": [],
          "private": "bnVsbA==",
          "dependencies": [
            "aws_iam_user.eks_user"
          ]
        },
        {
          "index_key": 1,
          "schema_version": 0,
          "attributes": {
            "encrypted_password": "wcFMA9zzNwmzjCfVAQ/8C/BWF5WbSDgQpmVmnvIzfXzdATPKOWV0pvBkNWJ6PVU86ihDdtb0gcj6JCamggWDH9KiJ/bvGwX1MldGsDPOxVFeuVXJ7wSDruPQ9MSSc0Zlfr0JPScBXRuLoKXLzsT9yjlU2tzES5pLXnkZnazVJkdgCVU/rkwkT2AMBHYqlmy+1MaMlFs/8vBtGY/oOAQCvVztz1HE44x9IALUvBf6gQNcZRW33M9qvEwgqnrTsNBMmBsh4tX11nKOYWqplOjqB8h8W3Fn4AvIRnB076q7xqEnJIeG8MckCZV0DLDhrquSb2CC43kWFk+uIhoc8oW5kNspvxDjNCGhME8VOIT/rCERQ0uk37nUR1x8Gyp+HHcdxlPIJ3ndZxATUGGGj9aUyL+xCF13bAOB9ATgAXhwAV/K+DalI+29rJzo698h/mmUh/iNZUtqGC1pNH649izRLQ/RSiTz4PD5kegtuImctaGCcuUDo6kQ1C1ziuX0bX8rcUs7jm9B1D/rpBc9HDDWL06KfHCaR6oXPDGMJiF78xTW0zIgp5bsSP81n7WTOeuaGfFx2JA+JQFIx1alO9PAqNsqSblpV70+Y57aVa9wdZ1xxZ7cAzSjh8/MPt6Lny9/BD4h8Y3RHNoIPX8YCNHGXL4g74TCZEkvy83eEgoF+ODXKA47E9MjKECzbjNjGb3SRQFBK8iOoy8TUaXh5DoUko2/dARFccfVtgCFqj8yNNXsAz1D34mHMCQMsAumVVdOu4MDE1SelH1WaK7p9NnevaWbrha6OQ==",
            "id": "manager",
            "key_fingerprint": "38a8507752bcad709334659fedac38a45f65a2ba",
            "password": null,
            "password_length": 20,
            "password_reset_required": true,
            "pgp_key": "keybase:daleybase",
            "user": "manager"
          },
          "sensitive_attributes": [],
          "private": "bnVsbA==",
          "dependencies": [
            "aws_iam_user.eks_user"
          ]
        }
      ]
    },
    {
      "mode": "managed",
      "type": "kubernetes_deployment",
      "name": "superset",
      "provider": "provider[\"registry.terraform.io/hashicorp/kubernetes\"]",
      "instances": [
        {
          "schema_version": 1,
          "attributes": {
            "id": "default/superset",
            "metadata": [
              {
                "annotations": null,
                "generate_name": "",
                "generation": 1,
                "labels": null,
                "name": "superset",
                "namespace": "default",
                "resource_version": "244826",
                "uid": "239ffc28-7931-4621-aa08-02d6ab297183"
              }
            ],
            "spec": [
              {
                "min_ready_seconds": 0,
                "paused": false,
                "progress_deadline_seconds": 600,
                "replicas": "1",
                "revision_history_limit": 10,
                "selector": [
                  {
                    "match_expressions": [],
                    "match_labels": {
                      "app": "superset"
                    }
                  }
                ],
                "strategy": [
                  {
                    "rolling_update": [
                      {
                        "max_surge": "25%",
                        "max_unavailable": "25%"
                      }
                    ],
                    "type": "RollingUpdate"
                  }
                ],
                "template": [
                  {
                    "metadata": [
                      {
                        "annotations": null,
                        "generate_name": "",
                        "generation": 0,
                        "labels": {
                          "app": "superset"
                        },
                        "name": "",
                        "namespace": "",
                        "resource_version": "",
                        "uid": ""
                      }
                    ],
                    "spec": [
                      {
                        "active_deadline_seconds": 0,
                        "affinity": [],
                        "automount_service_account_token": true,
                        "container": [
                          {
                            "args": null,
                            "command": null,
                            "env": [
                              {
                                "name": "SUPERSET_DB_URI",
                                "value": "mysql://myuser:mypassword@localhost:3306/superset_db",
                                "value_from": []
                              }
                            ],
                            "env_from": [],
                            "image": "apache/superset",
                            "image_pull_policy": "Always",
                            "lifecycle": [],
                            "liveness_probe": [],
                            "name": "superset",
                            "port": [
                              {
                                "container_port": 8088,
                                "host_ip": "",
                                "host_port": 0,
                                "name": "",
                                "protocol": "TCP"
                              }
                            ],
                            "readiness_probe": [],
                            "resources": [
                              {
                                "limits": {
                                  "cpu": "1",
                                  "memory": "1Gi"
                                },
                                "requests": {
                                  "cpu": "500m",
                                  "memory": "512Mi"
                                }
                              }
                            ],
                            "security_context": [],
                            "startup_probe": [],
                            "stdin": false,
                            "stdin_once": false,
                            "termination_message_path": "/dev/termination-log",
                            "termination_message_policy": "File",
                            "tty": false,
                            "volume_mount": [],
                            "working_dir": ""
                          }
                        ],
                        "dns_config": [],
                        "dns_policy": "ClusterFirst",
                        "enable_service_links": true,
                        "host_aliases": [],
                        "host_ipc": false,
                        "host_network": false,
                        "host_pid": false,
                        "hostname": "",
                        "image_pull_secrets": [],
                        "init_container": [],
                        "node_name": "",
                        "node_selector": null,
                        "os": [],
                        "priority_class_name": "",
                        "readiness_gate": [],
                        "restart_policy": "Always",
                        "runtime_class_name": "",
                        "scheduler_name": "default-scheduler",
                        "security_context": [],
                        "service_account_name": "",
                        "share_process_namespace": false,
                        "subdomain": "",
                        "termination_grace_period_seconds": 30,
                        "toleration": [],
                        "topology_spread_constraint": [],
                        "volume": []
                      }
                    ]
                  }
                ]
              }
            ],
            "timeouts": null,
            "wait_for_rollout": true
          },
          "sensitive_attributes": [],
          "private": "eyJlMmJmYjczMC1lY2FhLTExZTYtOGY4OC0zNDM2M2JjN2M0YzAiOnsiY3JlYXRlIjo2MDAwMDAwMDAwMDAsImRlbGV0ZSI6NjAwMDAwMDAwMDAwLCJ1cGRhdGUiOjYwMDAwMDAwMDAwMH0sInNjaGVtYV92ZXJzaW9uIjoiMSJ9",
          "dependencies": [
            "data.aws_eks_cluster.demo_cluster",
            "data.aws_eks_cluster_auth.demo_cluster"
          ]
        }
      ]
    }
  ],
  "check_results": null
}
