{
  "version": 4,
  "terraform_version": "1.5.4",
  "serial": 83,
  "lineage": "1d55eb9b-fe10-4235-4088-8cb1270f0c84",
  "outputs": {},
  "resources": [
    {
      "mode": "managed",
      "type": "aws_iam_user",
      "name": "aws_admin_user",
      "provider": "provider[\"registry.terraform.io/hashicorp/aws\"]",
      "instances": [
        {
          "schema_version": 0,
          "attributes": {
            "arn": "arn:aws:iam::730335426441:user/aws-admin-user",
            "force_destroy": false,
            "id": "aws-admin-user",
            "name": "aws-admin-user",
            "path": "/",
            "permissions_boundary": null,
            "tags": {
              "AKIA2UC3CG6EU3KQV6F6": "aws admin keys"
            },
            "tags_all": {
              "AKIA2UC3CG6EU3KQV6F6": "aws admin keys",
              "team": "SRE Project"
            },
            "unique_id": "AIDA2UC3CG6EU3G6TTA36"
          },
          "sensitive_attributes": [],
          "private": "bnVsbA=="
        }
      ]
    }
  ],
  "check_results": null
}
